
Microsoft Visual Studio Solution File, Format Version 12.00
# Visual Studio 14
VisualStudioVersion = 14.0.25420.1
MinimumVisualStudioVersion = 10.0.40219.1
Project("{FAE04EC0-301F-11D3-BF4B-00C04F79EFBC}") = "Server_Sim", "Server_Sim\Server_Sim.csproj", "{D0254F83-8F64-4DC9-8184-41708052FA34}"
EndProject
Project("{FAE04EC0-301F-11D3-BF4B-00C04F79EFBC}") = "Client_sim", "Client_sim\Client_sim.csproj", "{64FE87C7-C0EA-4476-8F8D-95505B9BDA16}"
EndProject
Global
	GlobalSection(SolutionConfigurationPlatforms) = preSolution
		Debug|Any CPU = Debug|Any CPU
		Release|Any CPU = Release|Any CPU
	EndGlobalSection
	GlobalSection(ProjectConfigurationPlatforms) = postSolution
		{D0254F83-8F64-4DC9-8184-41708052FA34}.Debug|Any CPU.ActiveCfg = Debug|Any CPU
		{D0254F83-8F64-4DC9-8184-41708052FA34}.Debug|Any CPU.Build.0 = Debug|Any CPU
		{D0254F83-8F64-4DC9-8184-41708052FA34}.Release|Any CPU.ActiveCfg = Release|Any CPU
		{D0254F83-8F64-4DC9-8184-41708052FA34}.Release|Any CPU.Build.0 = Release|Any CPU
		{64FE87C7-C0EA-4476-8F8D-95505B9BDA16}.Debug|Any CPU.ActiveCfg = Debug|Any CPU
		{64FE87C7-C0EA-4476-8F8D-95505B9BDA16}.Debug|Any CPU.Build.0 = Debug|Any CPU
		{64FE87C7-C0EA-4476-8F8D-95505B9BDA16}.Release|Any CPU.ActiveCfg = Release|Any CPU
		{64FE87C7-C0EA-4476-8F8D-95505B9BDA16}.Release|Any CPU.Build.0 = Release|Any CPU
	EndGlobalSection
	GlobalSection(SolutionProperties) = preSolution
		HideSolutionNode = FALSE
	EndGlobalSection
EndGlobal
